// !$*UTF8*$!
{
	archiveVersion = 1;
	classes = {
	};
	objectVersion = 51;
	objects = {

/* Begin PBXBuildFile section */
		191139022563058C0039C5A3 /* AppDelegate.swift in Sources */ = {isa = PBXBuildFile; fileRef = 191139012563058C0039C5A3 /* AppDelegate.swift */; };
		191139042563058C0039C5A3 /* SceneDelegate.swift in Sources */ = {isa = PBXBuildFile; fileRef = 191139032563058C0039C5A3 /* SceneDelegate.swift */; };
		1911390E2563058F0039C5A3 /* LaunchScreen.storyboard in Resources */ = {isa = PBXBuildFile; fileRef = 1911390C2563058F0039C5A3 /* LaunchScreen.storyboard */; };
		191139192563058F0039C5A3 /* JeffreyTests.swift in Sources */ = {isa = PBXBuildFile; fileRef = 191139182563058F0039C5A3 /* JeffreyTests.swift */; };
		191139242563058F0039C5A3 /* JeffreyUITests.swift in Sources */ = {isa = PBXBuildFile; fileRef = 191139232563058F0039C5A3 /* JeffreyUITests.swift */; };
		19CFBCBE256DC17C009E2D5F /* MenuTableViewCell.xib in Resources */ = {isa = PBXBuildFile; fileRef = 19CFBCB1256DC17C009E2D5F /* MenuTableViewCell.xib */; };
		19CFBCBF256DC17C009E2D5F /* MyCollectionViewCell.xib in Resources */ = {isa = PBXBuildFile; fileRef = 19CFBCB2256DC17C009E2D5F /* MyCollectionViewCell.xib */; };
		19CFBCC0256DC17C009E2D5F /* HomeViewController.xib in Resources */ = {isa = PBXBuildFile; fileRef = 19CFBCB3256DC17C009E2D5F /* HomeViewController.xib */; };
		19CFBCC1256DC17C009E2D5F /* SearchViewController.xib in Resources */ = {isa = PBXBuildFile; fileRef = 19CFBCB4256DC17C009E2D5F /* SearchViewController.xib */; };
		19CFBCC2256DC17C009E2D5F /* CollectionTableViewCell.xib in Resources */ = {isa = PBXBuildFile; fileRef = 19CFBCB5256DC17C009E2D5F /* CollectionTableViewCell.xib */; };
		19CFBCC3256DC17C009E2D5F /* MyCollectionViewCell.swift in Sources */ = {isa = PBXBuildFile; fileRef = 19CFBCB7256DC17C009E2D5F /* MyCollectionViewCell.swift */; };
		19CFBCC4256DC17C009E2D5F /* Menu.storyboard in Resources */ = {isa = PBXBuildFile; fileRef = 19CFBCB8256DC17C009E2D5F /* Menu.storyboard */; };
		19CFBCC5256DC17C009E2D5F /* SearchCell.swift in Sources */ = {isa = PBXBuildFile; fileRef = 19CFBCBB256DC17C009E2D5F /* SearchCell.swift */; };
		19CFBCC6256DC17C009E2D5F /* CollectionTableViewCell.swift in Sources */ = {isa = PBXBuildFile; fileRef = 19CFBCBC256DC17C009E2D5F /* CollectionTableViewCell.swift */; };
		19CFBCC7256DC17C009E2D5F /* MenuCell.swift in Sources */ = {isa = PBXBuildFile; fileRef = 19CFBCBD256DC17C009E2D5F /* MenuCell.swift */; };
		721F7731DD751C804DFDE038 /* Pods_JeffreyTests.framework in Frameworks */ = {isa = PBXBuildFile; fileRef = 9078A981C7893AD66C5C82B9 /* Pods_JeffreyTests.framework */; };
		816AD4AA8E58BAE4D50D2CE2 /* Pods_Jeffrey.framework in Frameworks */ = {isa = PBXBuildFile; fileRef = 31BED200994CEAA32CBBDE51 /* Pods_Jeffrey.framework */; };
		921E475CA68B6A3A597DA9A0 /* Pods_Jeffrey_JeffreyUITests.framework in Frameworks */ = {isa = PBXBuildFile; fileRef = 93BC0D2DCF4336D91D3AF428 /* Pods_Jeffrey_JeffreyUITests.framework */; };
		FF4830E9256C41860062B6F5 /* Menu.swift in Sources */ = {isa = PBXBuildFile; fileRef = FF4830E8256C41860062B6F5 /* Menu.swift */; };
		FF5B9BBC256CA004000EE445 /* Search.swift in Sources */ = {isa = PBXBuildFile; fileRef = FF5B9BBB256CA004000EE445 /* Search.swift */; };
		FF601C5825682698002BE16F /* Assets.xcassets in Resources */ = {isa = PBXBuildFile; fileRef = FF601C5725682698002BE16F /* Assets.xcassets */; };
		FF601C74256833C7002BE16F /* MenuViewController.swift in Sources */ = {isa = PBXBuildFile; fileRef = FF601C72256833C7002BE16F /* MenuViewController.swift */; };
		FF601C7C25683415002BE16F /* SearchViewController.swift in Sources */ = {isa = PBXBuildFile; fileRef = FF601C7A25683415002BE16F /* SearchViewController.swift */; };
		FF601C8325683441002BE16F /* HomeViewController.swift in Sources */ = {isa = PBXBuildFile; fileRef = FF601C8125683441002BE16F /* HomeViewController.swift */; };
		FF601C8C25683960002BE16F /* Movie.swift in Sources */ = {isa = PBXBuildFile; fileRef = FF601C8B25683960002BE16F /* Movie.swift */; };
		FF601C9125683997002BE16F /* Serie.swift in Sources */ = {isa = PBXBuildFile; fileRef = FF601C9025683997002BE16F /* Serie.swift */; };
/* End PBXBuildFile section */

/* Begin PBXContainerItemProxy section */
		191139152563058F0039C5A3 /* PBXContainerItemProxy */ = {
			isa = PBXContainerItemProxy;
			containerPortal = 191138F62563058B0039C5A3 /* Project object */;
			proxyType = 1;
			remoteGlobalIDString = 191138FD2563058B0039C5A3;
			remoteInfo = Jeffrey;
		};
		191139202563058F0039C5A3 /* PBXContainerItemProxy */ = {
			isa = PBXContainerItemProxy;
			containerPortal = 191138F62563058B0039C5A3 /* Project object */;
			proxyType = 1;
			remoteGlobalIDString = 191138FD2563058B0039C5A3;
			remoteInfo = Jeffrey;
		};
/* End PBXContainerItemProxy section */

/* Begin PBXFileReference section */
		0D4FD7BE4AA5BD964AB13905 /* Pods-Jeffrey.release.xcconfig */ = {isa = PBXFileReference; includeInIndex = 1; lastKnownFileType = text.xcconfig; name = "Pods-Jeffrey.release.xcconfig"; path = "Target Support Files/Pods-Jeffrey/Pods-Jeffrey.release.xcconfig"; sourceTree = "<group>"; };
		191138FE2563058B0039C5A3 /* Jeffrey.app */ = {isa = PBXFileReference; explicitFileType = wrapper.application; includeInIndex = 0; path = Jeffrey.app; sourceTree = BUILT_PRODUCTS_DIR; };
		191139012563058C0039C5A3 /* AppDelegate.swift */ = {isa = PBXFileReference; lastKnownFileType = sourcecode.swift; path = AppDelegate.swift; sourceTree = "<group>"; };
		191139032563058C0039C5A3 /* SceneDelegate.swift */ = {isa = PBXFileReference; lastKnownFileType = sourcecode.swift; path = SceneDelegate.swift; sourceTree = "<group>"; };
		1911390D2563058F0039C5A3 /* Base */ = {isa = PBXFileReference; lastKnownFileType = file.storyboard; name = Base; path = Base.lproj/LaunchScreen.storyboard; sourceTree = "<group>"; };
		1911390F2563058F0039C5A3 /* Info.plist */ = {isa = PBXFileReference; lastKnownFileType = text.plist.xml; path = Info.plist; sourceTree = "<group>"; };
		191139142563058F0039C5A3 /* JeffreyTests.xctest */ = {isa = PBXFileReference; explicitFileType = wrapper.cfbundle; includeInIndex = 0; path = JeffreyTests.xctest; sourceTree = BUILT_PRODUCTS_DIR; };
		191139182563058F0039C5A3 /* JeffreyTests.swift */ = {isa = PBXFileReference; lastKnownFileType = sourcecode.swift; path = JeffreyTests.swift; sourceTree = "<group>"; };
		1911391A2563058F0039C5A3 /* Info.plist */ = {isa = PBXFileReference; lastKnownFileType = text.plist.xml; path = Info.plist; sourceTree = "<group>"; };
		1911391F2563058F0039C5A3 /* JeffreyUITests.xctest */ = {isa = PBXFileReference; explicitFileType = wrapper.cfbundle; includeInIndex = 0; path = JeffreyUITests.xctest; sourceTree = BUILT_PRODUCTS_DIR; };
		191139232563058F0039C5A3 /* JeffreyUITests.swift */ = {isa = PBXFileReference; lastKnownFileType = sourcecode.swift; path = JeffreyUITests.swift; sourceTree = "<group>"; };
		191139252563058F0039C5A3 /* Info.plist */ = {isa = PBXFileReference; lastKnownFileType = text.plist.xml; path = Info.plist; sourceTree = "<group>"; };
		19CFBCB1256DC17C009E2D5F /* MenuTableViewCell.xib */ = {isa = PBXFileReference; fileEncoding = 4; lastKnownFileType = file.xib; path = MenuTableViewCell.xib; sourceTree = "<group>"; };
		19CFBCB2256DC17C009E2D5F /* MyCollectionViewCell.xib */ = {isa = PBXFileReference; fileEncoding = 4; lastKnownFileType = file.xib; path = MyCollectionViewCell.xib; sourceTree = "<group>"; };
		19CFBCB3256DC17C009E2D5F /* HomeViewController.xib */ = {isa = PBXFileReference; fileEncoding = 4; lastKnownFileType = file.xib; path = HomeViewController.xib; sourceTree = "<group>"; };
		19CFBCB4256DC17C009E2D5F /* SearchViewController.xib */ = {isa = PBXFileReference; fileEncoding = 4; lastKnownFileType = file.xib; path = SearchViewController.xib; sourceTree = "<group>"; };
		19CFBCB5256DC17C009E2D5F /* CollectionTableViewCell.xib */ = {isa = PBXFileReference; fileEncoding = 4; lastKnownFileType = file.xib; path = CollectionTableViewCell.xib; sourceTree = "<group>"; };
		19CFBCB7256DC17C009E2D5F /* MyCollectionViewCell.swift */ = {isa = PBXFileReference; fileEncoding = 4; lastKnownFileType = sourcecode.swift; path = MyCollectionViewCell.swift; sourceTree = "<group>"; };
		19CFBCB9256DC17C009E2D5F /* Base */ = {isa = PBXFileReference; lastKnownFileType = file.storyboard; name = Base; path = Base.lproj/Menu.storyboard; sourceTree = "<group>"; };
		19CFBCBB256DC17C009E2D5F /* SearchCell.swift */ = {isa = PBXFileReference; fileEncoding = 4; lastKnownFileType = sourcecode.swift; path = SearchCell.swift; sourceTree = "<group>"; };
		19CFBCBC256DC17C009E2D5F /* CollectionTableViewCell.swift */ = {isa = PBXFileReference; fileEncoding = 4; lastKnownFileType = sourcecode.swift; path = CollectionTableViewCell.swift; sourceTree = "<group>"; };
		19CFBCBD256DC17C009E2D5F /* MenuCell.swift */ = {isa = PBXFileReference; fileEncoding = 4; lastKnownFileType = sourcecode.swift; path = MenuCell.swift; sourceTree = "<group>"; };
		2FCBC6B8DF1AA4EAF52ADB8D /* Pods-JeffreyTests.debug.xcconfig */ = {isa = PBXFileReference; includeInIndex = 1; lastKnownFileType = text.xcconfig; name = "Pods-JeffreyTests.debug.xcconfig"; path = "Target Support Files/Pods-JeffreyTests/Pods-JeffreyTests.debug.xcconfig"; sourceTree = "<group>"; };
		31BED200994CEAA32CBBDE51 /* Pods_Jeffrey.framework */ = {isa = PBXFileReference; explicitFileType = wrapper.framework; includeInIndex = 0; path = Pods_Jeffrey.framework; sourceTree = BUILT_PRODUCTS_DIR; };
		553350D6B38060EF9B20871A /* Pods-Jeffrey.debug.xcconfig */ = {isa = PBXFileReference; includeInIndex = 1; lastKnownFileType = text.xcconfig; name = "Pods-Jeffrey.debug.xcconfig"; path = "Target Support Files/Pods-Jeffrey/Pods-Jeffrey.debug.xcconfig"; sourceTree = "<group>"; };
		86DAC09C87848E51E65E892F /* Pods-Jeffrey-JeffreyUITests.debug.xcconfig */ = {isa = PBXFileReference; includeInIndex = 1; lastKnownFileType = text.xcconfig; name = "Pods-Jeffrey-JeffreyUITests.debug.xcconfig"; path = "Target Support Files/Pods-Jeffrey-JeffreyUITests/Pods-Jeffrey-JeffreyUITests.debug.xcconfig"; sourceTree = "<group>"; };
		89E59ABA798AEC05F0880046 /* Pods-Jeffrey-JeffreyUITests.release.xcconfig */ = {isa = PBXFileReference; includeInIndex = 1; lastKnownFileType = text.xcconfig; name = "Pods-Jeffrey-JeffreyUITests.release.xcconfig"; path = "Target Support Files/Pods-Jeffrey-JeffreyUITests/Pods-Jeffrey-JeffreyUITests.release.xcconfig"; sourceTree = "<group>"; };
		9078A981C7893AD66C5C82B9 /* Pods_JeffreyTests.framework */ = {isa = PBXFileReference; explicitFileType = wrapper.framework; includeInIndex = 0; path = Pods_JeffreyTests.framework; sourceTree = BUILT_PRODUCTS_DIR; };
		93BC0D2DCF4336D91D3AF428 /* Pods_Jeffrey_JeffreyUITests.framework */ = {isa = PBXFileReference; explicitFileType = wrapper.framework; includeInIndex = 0; path = Pods_Jeffrey_JeffreyUITests.framework; sourceTree = BUILT_PRODUCTS_DIR; };
		A59AB98E8B3008E44DA013A8 /* Pods-JeffreyTests.release.xcconfig */ = {isa = PBXFileReference; includeInIndex = 1; lastKnownFileType = text.xcconfig; name = "Pods-JeffreyTests.release.xcconfig"; path = "Target Support Files/Pods-JeffreyTests/Pods-JeffreyTests.release.xcconfig"; sourceTree = "<group>"; };
		FF4830E8256C41860062B6F5 /* Menu.swift */ = {isa = PBXFileReference; lastKnownFileType = sourcecode.swift; path = Menu.swift; sourceTree = "<group>"; };
		FF5B9BBB256CA004000EE445 /* Search.swift */ = {isa = PBXFileReference; lastKnownFileType = sourcecode.swift; path = Search.swift; sourceTree = "<group>"; };
		FF601C5725682698002BE16F /* Assets.xcassets */ = {isa = PBXFileReference; lastKnownFileType = folder.assetcatalog; path = Assets.xcassets; sourceTree = "<group>"; };
		FF601C72256833C7002BE16F /* MenuViewController.swift */ = {isa = PBXFileReference; lastKnownFileType = sourcecode.swift; path = MenuViewController.swift; sourceTree = "<group>"; };
		FF601C7A25683415002BE16F /* SearchViewController.swift */ = {isa = PBXFileReference; lastKnownFileType = sourcecode.swift; path = SearchViewController.swift; sourceTree = "<group>"; };
		FF601C8125683441002BE16F /* HomeViewController.swift */ = {isa = PBXFileReference; lastKnownFileType = sourcecode.swift; path = HomeViewController.swift; sourceTree = "<group>"; };
		FF601C8B25683960002BE16F /* Movie.swift */ = {isa = PBXFileReference; lastKnownFileType = sourcecode.swift; path = Movie.swift; sourceTree = "<group>"; };
		FF601C9025683997002BE16F /* Serie.swift */ = {isa = PBXFileReference; lastKnownFileType = sourcecode.swift; path = Serie.swift; sourceTree = "<group>"; };
/* End PBXFileReference section */

/* Begin PBXFrameworksBuildPhase section */
		191138FB2563058B0039C5A3 /* Frameworks */ = {
			isa = PBXFrameworksBuildPhase;
			buildActionMask = 2147483647;
			files = (
				816AD4AA8E58BAE4D50D2CE2 /* Pods_Jeffrey.framework in Frameworks */,
			);
			runOnlyForDeploymentPostprocessing = 0;
		};
		191139112563058F0039C5A3 /* Frameworks */ = {
			isa = PBXFrameworksBuildPhase;
			buildActionMask = 2147483647;
			files = (
				721F7731DD751C804DFDE038 /* Pods_JeffreyTests.framework in Frameworks */,
			);
			runOnlyForDeploymentPostprocessing = 0;
		};
		1911391C2563058F0039C5A3 /* Frameworks */ = {
			isa = PBXFrameworksBuildPhase;
			buildActionMask = 2147483647;
			files = (
				921E475CA68B6A3A597DA9A0 /* Pods_Jeffrey_JeffreyUITests.framework in Frameworks */,
			);
			runOnlyForDeploymentPostprocessing = 0;
		};
/* End PBXFrameworksBuildPhase section */

/* Begin PBXGroup section */
		191138F52563058B0039C5A3 = {
			isa = PBXGroup;
			children = (
				191139002563058C0039C5A3 /* Jeffrey */,
				191139172563058F0039C5A3 /* JeffreyTests */,
				191139222563058F0039C5A3 /* JeffreyUITests */,
				191138FF2563058B0039C5A3 /* Products */,
				AC05554BF1589805C9765584 /* Pods */,
				47172CD280225CCEC1B684F1 /* Frameworks */,
			);
			sourceTree = "<group>";
		};
		191138FF2563058B0039C5A3 /* Products */ = {
			isa = PBXGroup;
			children = (
				191138FE2563058B0039C5A3 /* Jeffrey.app */,
				191139142563058F0039C5A3 /* JeffreyTests.xctest */,
				1911391F2563058F0039C5A3 /* JeffreyUITests.xctest */,
			);
			name = Products;
			sourceTree = "<group>";
		};
		191139002563058C0039C5A3 /* Jeffrey */ = {
			isa = PBXGroup;
			children = (
				19CFBCAF256DC17C009E2D5F /* View */,
				FFE8E0942565E14800567447 /* Model */,
				FFE8E0922565E12700567447 /* Controller */,
				191139012563058C0039C5A3 /* AppDelegate.swift */,
				191139032563058C0039C5A3 /* SceneDelegate.swift */,
				FF601C5725682698002BE16F /* Assets.xcassets */,
				1911390C2563058F0039C5A3 /* LaunchScreen.storyboard */,
				1911390F2563058F0039C5A3 /* Info.plist */,
			);
			path = Jeffrey;
			sourceTree = "<group>";
		};
		191139172563058F0039C5A3 /* JeffreyTests */ = {
			isa = PBXGroup;
			children = (
				191139182563058F0039C5A3 /* JeffreyTests.swift */,
				1911391A2563058F0039C5A3 /* Info.plist */,
			);
			path = JeffreyTests;
			sourceTree = "<group>";
		};
		191139222563058F0039C5A3 /* JeffreyUITests */ = {
			isa = PBXGroup;
			children = (
				191139232563058F0039C5A3 /* JeffreyUITests.swift */,
				191139252563058F0039C5A3 /* Info.plist */,
			);
			path = JeffreyUITests;
			sourceTree = "<group>";
		};
		19CFBCAF256DC17C009E2D5F /* View */ = {
			isa = PBXGroup;
			children = (
				19CFBCCB256DC191009E2D5F /* Menu */,
			);
			path = View;
			sourceTree = "<group>";
		};
		19CFBCB0256DC17C009E2D5F /* Xib */ = {
			isa = PBXGroup;
			children = (
				19CFBCB1256DC17C009E2D5F /* MenuTableViewCell.xib */,
				19CFBCB2256DC17C009E2D5F /* MyCollectionViewCell.xib */,
				19CFBCB3256DC17C009E2D5F /* HomeViewController.xib */,
				19CFBCB4256DC17C009E2D5F /* SearchViewController.xib */,
				19CFBCB5256DC17C009E2D5F /* CollectionTableViewCell.xib */,
			);
			path = Xib;
			sourceTree = "<group>";
		};
		19CFBCB6256DC17C009E2D5F /* CollectionCell */ = {
			isa = PBXGroup;
			children = (
				19CFBCB7256DC17C009E2D5F /* MyCollectionViewCell.swift */,
			);
			path = CollectionCell;
			sourceTree = "<group>";
		};
		19CFBCBA256DC17C009E2D5F /* TableViewCell */ = {
			isa = PBXGroup;
			children = (
				19CFBCBB256DC17C009E2D5F /* SearchCell.swift */,
				19CFBCBC256DC17C009E2D5F /* CollectionTableViewCell.swift */,
				19CFBCBD256DC17C009E2D5F /* MenuCell.swift */,
			);
			path = TableViewCell;
			sourceTree = "<group>";
		};
		19CFBCCB256DC191009E2D5F /* Menu */ = {
			isa = PBXGroup;
			children = (
				19CFBCB8256DC17C009E2D5F /* Menu.storyboard */,
				19CFBCB6256DC17C009E2D5F /* CollectionCell */,
				19CFBCBA256DC17C009E2D5F /* TableViewCell */,
				19CFBCB0256DC17C009E2D5F /* Xib */,
			);
			path = Menu;
			sourceTree = "<group>";
		};
		47172CD280225CCEC1B684F1 /* Frameworks */ = {
			isa = PBXGroup;
			children = (
				31BED200994CEAA32CBBDE51 /* Pods_Jeffrey.framework */,
				93BC0D2DCF4336D91D3AF428 /* Pods_Jeffrey_JeffreyUITests.framework */,
				9078A981C7893AD66C5C82B9 /* Pods_JeffreyTests.framework */,
			);
			name = Frameworks;
			sourceTree = "<group>";
		};
		AC05554BF1589805C9765584 /* Pods */ = {
			isa = PBXGroup;
			children = (
				553350D6B38060EF9B20871A /* Pods-Jeffrey.debug.xcconfig */,
				0D4FD7BE4AA5BD964AB13905 /* Pods-Jeffrey.release.xcconfig */,
				86DAC09C87848E51E65E892F /* Pods-Jeffrey-JeffreyUITests.debug.xcconfig */,
				89E59ABA798AEC05F0880046 /* Pods-Jeffrey-JeffreyUITests.release.xcconfig */,
				2FCBC6B8DF1AA4EAF52ADB8D /* Pods-JeffreyTests.debug.xcconfig */,
				A59AB98E8B3008E44DA013A8 /* Pods-JeffreyTests.release.xcconfig */,
			);
			path = Pods;
			sourceTree = "<group>";
		};
		FFE8E0922565E12700567447 /* Controller */ = {
			isa = PBXGroup;
			children = (
				FF601C8125683441002BE16F /* HomeViewController.swift */,
				FF601C72256833C7002BE16F /* MenuViewController.swift */,
				FF601C7A25683415002BE16F /* SearchViewController.swift */,
			);
			path = Controller;
			sourceTree = "<group>";
		};
		FFE8E0942565E14800567447 /* Model */ = {
			isa = PBXGroup;
			children = (
				FF601C8B25683960002BE16F /* Movie.swift */,
				FF601C9025683997002BE16F /* Serie.swift */,
				FF4830E8256C41860062B6F5 /* Menu.swift */,
				FF5B9BBB256CA004000EE445 /* Search.swift */,
			);
			path = Model;
			sourceTree = "<group>";
		};
/* End PBXGroup section */

/* Begin PBXNativeTarget section */
		191138FD2563058B0039C5A3 /* Jeffrey */ = {
			isa = PBXNativeTarget;
			buildConfigurationList = 191139282563058F0039C5A3 /* Build configuration list for PBXNativeTarget "Jeffrey" */;
			buildPhases = (
				E60667996E162CD4467F559F /* [CP] Check Pods Manifest.lock */,
				191138FA2563058B0039C5A3 /* Sources */,
				191138FB2563058B0039C5A3 /* Frameworks */,
				191138FC2563058B0039C5A3 /* Resources */,
			);
			buildRules = (
			);
			dependencies = (
			);
			name = Jeffrey;
			productName = Jeffrey;
			productReference = 191138FE2563058B0039C5A3 /* Jeffrey.app */;
			productType = "com.apple.product-type.application";
		};
		191139132563058F0039C5A3 /* JeffreyTests */ = {
			isa = PBXNativeTarget;
			buildConfigurationList = 1911392B2563058F0039C5A3 /* Build configuration list for PBXNativeTarget "JeffreyTests" */;
			buildPhases = (
				C6637180908D6F10E18BBED9 /* [CP] Check Pods Manifest.lock */,
				191139102563058F0039C5A3 /* Sources */,
				191139112563058F0039C5A3 /* Frameworks */,
				191139122563058F0039C5A3 /* Resources */,
				3AA548B8DDD892A3BB3B9B24 /* [CP] Embed Pods Frameworks */,
			);
			buildRules = (
			);
			dependencies = (
				191139162563058F0039C5A3 /* PBXTargetDependency */,
			);
			name = JeffreyTests;
			productName = JeffreyTests;
			productReference = 191139142563058F0039C5A3 /* JeffreyTests.xctest */;
			productType = "com.apple.product-type.bundle.unit-test";
		};
		1911391E2563058F0039C5A3 /* JeffreyUITests */ = {
			isa = PBXNativeTarget;
			buildConfigurationList = 1911392E2563058F0039C5A3 /* Build configuration list for PBXNativeTarget "JeffreyUITests" */;
			buildPhases = (
				F3B8F529E80C669FCFAB4C18 /* [CP] Check Pods Manifest.lock */,
				1911391B2563058F0039C5A3 /* Sources */,
				1911391C2563058F0039C5A3 /* Frameworks */,
				1911391D2563058F0039C5A3 /* Resources */,
			);
			buildRules = (
			);
			dependencies = (
				191139212563058F0039C5A3 /* PBXTargetDependency */,
			);
			name = JeffreyUITests;
			productName = JeffreyUITests;
			productReference = 1911391F2563058F0039C5A3 /* JeffreyUITests.xctest */;
			productType = "com.apple.product-type.bundle.ui-testing";
		};
/* End PBXNativeTarget section */

/* Begin PBXProject section */
		191138F62563058B0039C5A3 /* Project object */ = {
			isa = PBXProject;
			attributes = {
				LastSwiftUpdateCheck = 1220;
				LastUpgradeCheck = 1220;
				TargetAttributes = {
					191138FD2563058B0039C5A3 = {
						CreatedOnToolsVersion = 12.2;
					};
					191139132563058F0039C5A3 = {
						CreatedOnToolsVersion = 12.2;
						TestTargetID = 191138FD2563058B0039C5A3;
					};
					1911391E2563058F0039C5A3 = {
						CreatedOnToolsVersion = 12.2;
						TestTargetID = 191138FD2563058B0039C5A3;
					};
				};
			};
			buildConfigurationList = 191138F92563058B0039C5A3 /* Build configuration list for PBXProject "Jeffrey" */;
			compatibilityVersion = "Xcode 9.3";
			developmentRegion = en;
			hasScannedForEncodings = 0;
			knownRegions = (
				en,
				Base,
			);
			mainGroup = 191138F52563058B0039C5A3;
			productRefGroup = 191138FF2563058B0039C5A3 /* Products */;
			projectDirPath = "";
			projectRoot = "";
			targets = (
				191138FD2563058B0039C5A3 /* Jeffrey */,
				191139132563058F0039C5A3 /* JeffreyTests */,
				1911391E2563058F0039C5A3 /* JeffreyUITests */,
			);
		};
/* End PBXProject section */

/* Begin PBXResourcesBuildPhase section */
		191138FC2563058B0039C5A3 /* Resources */ = {
			isa = PBXResourcesBuildPhase;
			buildActionMask = 2147483647;
			files = (
				19CFBCC2256DC17C009E2D5F /* CollectionTableViewCell.xib in Resources */,
				19CFBCBE256DC17C009E2D5F /* MenuTableViewCell.xib in Resources */,
				1911390E2563058F0039C5A3 /* LaunchScreen.storyboard in Resources */,
				19CFBCC4256DC17C009E2D5F /* Menu.storyboard in Resources */,
				19CFBCC1256DC17C009E2D5F /* SearchViewController.xib in Resources */,
				19CFBCC0256DC17C009E2D5F /* HomeViewController.xib in Resources */,
				19CFBCBF256DC17C009E2D5F /* MyCollectionViewCell.xib in Resources */,
				FF601C5825682698002BE16F /* Assets.xcassets in Resources */,
			);
			runOnlyForDeploymentPostprocessing = 0;
		};
		191139122563058F0039C5A3 /* Resources */ = {
			isa = PBXResourcesBuildPhase;
			buildActionMask = 2147483647;
			files = (
			);
			runOnlyForDeploymentPostprocessing = 0;
		};
		1911391D2563058F0039C5A3 /* Resources */ = {
			isa = PBXResourcesBuildPhase;
			buildActionMask = 2147483647;
			files = (
			);
			runOnlyForDeploymentPostprocessing = 0;
		};
/* End PBXResourcesBuildPhase section */

/* Begin PBXShellScriptBuildPhase section */
		3AA548B8DDD892A3BB3B9B24 /* [CP] Embed Pods Frameworks */ = {
			isa = PBXShellScriptBuildPhase;
			buildActionMask = 2147483647;
			files = (
			);
			inputFileListPaths = (
				"${PODS_ROOT}/Target Support Files/Pods-JeffreyTests/Pods-JeffreyTests-frameworks-${CONFIGURATION}-input-files.xcfilelist",
			);
			name = "[CP] Embed Pods Frameworks";
			outputFileListPaths = (
				"${PODS_ROOT}/Target Support Files/Pods-JeffreyTests/Pods-JeffreyTests-frameworks-${CONFIGURATION}-output-files.xcfilelist",
			);
			runOnlyForDeploymentPostprocessing = 0;
			shellPath = /bin/sh;
			shellScript = "\"${PODS_ROOT}/Target Support Files/Pods-JeffreyTests/Pods-JeffreyTests-frameworks.sh\"\n";
			showEnvVarsInLog = 0;
		};
		C6637180908D6F10E18BBED9 /* [CP] Check Pods Manifest.lock */ = {
			isa = PBXShellScriptBuildPhase;
			buildActionMask = 2147483647;
			files = (
			);
			inputFileListPaths = (
			);
			inputPaths = (
				"${PODS_PODFILE_DIR_PATH}/Podfile.lock",
				"${PODS_ROOT}/Manifest.lock",
			);
			name = "[CP] Check Pods Manifest.lock";
			outputFileListPaths = (
			);
			outputPaths = (
				"$(DERIVED_FILE_DIR)/Pods-JeffreyTests-checkManifestLockResult.txt",
			);
			runOnlyForDeploymentPostprocessing = 0;
			shellPath = /bin/sh;
			shellScript = "diff \"${PODS_PODFILE_DIR_PATH}/Podfile.lock\" \"${PODS_ROOT}/Manifest.lock\" > /dev/null\nif [ $? != 0 ] ; then\n    # print error to STDERR\n    echo \"error: The sandbox is not in sync with the Podfile.lock. Run 'pod install' or update your CocoaPods installation.\" >&2\n    exit 1\nfi\n# This output is used by Xcode 'outputs' to avoid re-running this script phase.\necho \"SUCCESS\" > \"${SCRIPT_OUTPUT_FILE_0}\"\n";
			showEnvVarsInLog = 0;
		};
		E60667996E162CD4467F559F /* [CP] Check Pods Manifest.lock */ = {
			isa = PBXShellScriptBuildPhase;
			buildActionMask = 2147483647;
			files = (
			);
			inputFileListPaths = (
			);
			inputPaths = (
				"${PODS_PODFILE_DIR_PATH}/Podfile.lock",
				"${PODS_ROOT}/Manifest.lock",
			);
			name = "[CP] Check Pods Manifest.lock";
			outputFileListPaths = (
			);
			outputPaths = (
				"$(DERIVED_FILE_DIR)/Pods-Jeffrey-checkManifestLockResult.txt",
			);
			runOnlyForDeploymentPostprocessing = 0;
			shellPath = /bin/sh;
			shellScript = "diff \"${PODS_PODFILE_DIR_PATH}/Podfile.lock\" \"${PODS_ROOT}/Manifest.lock\" > /dev/null\nif [ $? != 0 ] ; then\n    # print error to STDERR\n    echo \"error: The sandbox is not in sync with the Podfile.lock. Run 'pod install' or update your CocoaPods installation.\" >&2\n    exit 1\nfi\n# This output is used by Xcode 'outputs' to avoid re-running this script phase.\necho \"SUCCESS\" > \"${SCRIPT_OUTPUT_FILE_0}\"\n";
			showEnvVarsInLog = 0;
		};
		F3B8F529E80C669FCFAB4C18 /* [CP] Check Pods Manifest.lock */ = {
			isa = PBXShellScriptBuildPhase;
			buildActionMask = 2147483647;
			files = (
			);
			inputFileListPaths = (
			);
			inputPaths = (
				"${PODS_PODFILE_DIR_PATH}/Podfile.lock",
				"${PODS_ROOT}/Manifest.lock",
			);
			name = "[CP] Check Pods Manifest.lock";
			outputFileListPaths = (
			);
			outputPaths = (
				"$(DERIVED_FILE_DIR)/Pods-Jeffrey-JeffreyUITests-checkManifestLockResult.txt",
			);
			runOnlyForDeploymentPostprocessing = 0;
			shellPath = /bin/sh;
			shellScript = "diff \"${PODS_PODFILE_DIR_PATH}/Podfile.lock\" \"${PODS_ROOT}/Manifest.lock\" > /dev/null\nif [ $? != 0 ] ; then\n    # print error to STDERR\n    echo \"error: The sandbox is not in sync with the Podfile.lock. Run 'pod install' or update your CocoaPods installation.\" >&2\n    exit 1\nfi\n# This output is used by Xcode 'outputs' to avoid re-running this script phase.\necho \"SUCCESS\" > \"${SCRIPT_OUTPUT_FILE_0}\"\n";
			showEnvVarsInLog = 0;
		};
/* End PBXShellScriptBuildPhase section */

/* Begin PBXSourcesBuildPhase section */
		191138FA2563058B0039C5A3 /* Sources */ = {
			isa = PBXSourcesBuildPhase;
			buildActionMask = 2147483647;
			files = (
				FF5B9BBC256CA004000EE445 /* Search.swift in Sources */,
				19CFBCC5256DC17C009E2D5F /* SearchCell.swift in Sources */,
				FF601C8C25683960002BE16F /* Movie.swift in Sources */,
				FF601C7C25683415002BE16F /* SearchViewController.swift in Sources */,
				FF601C74256833C7002BE16F /* MenuViewController.swift in Sources */,
				191139022563058C0039C5A3 /* AppDelegate.swift in Sources */,
				FF4830E9256C41860062B6F5 /* Menu.swift in Sources */,
				19CFBCC6256DC17C009E2D5F /* CollectionTableViewCell.swift in Sources */,
				19CFBCC3256DC17C009E2D5F /* MyCollectionViewCell.swift in Sources */,
				191139042563058C0039C5A3 /* SceneDelegate.swift in Sources */,
				FF601C9125683997002BE16F /* Serie.swift in Sources */,
				19CFBCC7256DC17C009E2D5F /* MenuCell.swift in Sources */,
				FF601C8325683441002BE16F /* HomeViewController.swift in Sources */,
			);
			runOnlyForDeploymentPostprocessing = 0;
		};
		191139102563058F0039C5A3 /* Sources */ = {
			isa = PBXSourcesBuildPhase;
			buildActionMask = 2147483647;
			files = (
				191139192563058F0039C5A3 /* JeffreyTests.swift in Sources */,
			);
			runOnlyForDeploymentPostprocessing = 0;
		};
		1911391B2563058F0039C5A3 /* Sources */ = {
			isa = PBXSourcesBuildPhase;
			buildActionMask = 2147483647;
			files = (
				191139242563058F0039C5A3 /* JeffreyUITests.swift in Sources */,
			);
			runOnlyForDeploymentPostprocessing = 0;
		};
/* End PBXSourcesBuildPhase section */

/* Begin PBXTargetDependency section */
		191139162563058F0039C5A3 /* PBXTargetDependency */ = {
			isa = PBXTargetDependency;
			target = 191138FD2563058B0039C5A3 /* Jeffrey */;
			targetProxy = 191139152563058F0039C5A3 /* PBXContainerItemProxy */;
		};
		191139212563058F0039C5A3 /* PBXTargetDependency */ = {
			isa = PBXTargetDependency;
			target = 191138FD2563058B0039C5A3 /* Jeffrey */;
			targetProxy = 191139202563058F0039C5A3 /* PBXContainerItemProxy */;
		};
/* End PBXTargetDependency section */

/* Begin PBXVariantGroup section */
		1911390C2563058F0039C5A3 /* LaunchScreen.storyboard */ = {
			isa = PBXVariantGroup;
			children = (
				1911390D2563058F0039C5A3 /* Base */,
			);
			name = LaunchScreen.storyboard;
			sourceTree = "<group>";
		};
		19CFBCB8256DC17C009E2D5F /* Menu.storyboard */ = {
			isa = PBXVariantGroup;
			children = (
				19CFBCB9256DC17C009E2D5F /* Base */,
			);
			name = Menu.storyboard;
			sourceTree = "<group>";
		};
/* End PBXVariantGroup section */

/* Begin XCBuildConfiguration section */
		191139262563058F0039C5A3 /* Debug */ = {
			isa = XCBuildConfiguration;
			buildSettings = {
				ALWAYS_SEARCH_USER_PATHS = NO;
				CLANG_ANALYZER_NONNULL = YES;
				CLANG_ANALYZER_NUMBER_OBJECT_CONVERSION = YES_AGGRESSIVE;
				CLANG_CXX_LANGUAGE_STANDARD = "gnu++14";
				CLANG_CXX_LIBRARY = "libc++";
				CLANG_ENABLE_MODULES = YES;
				CLANG_ENABLE_OBJC_ARC = YES;
				CLANG_ENABLE_OBJC_WEAK = YES;
				CLANG_WARN_BLOCK_CAPTURE_AUTORELEASING = YES;
				CLANG_WARN_BOOL_CONVERSION = YES;
				CLANG_WARN_COMMA = YES;
				CLANG_WARN_CONSTANT_CONVERSION = YES;
				CLANG_WARN_DEPRECATED_OBJC_IMPLEMENTATIONS = YES;
				CLANG_WARN_DIRECT_OBJC_ISA_USAGE = YES_ERROR;
				CLANG_WARN_DOCUMENTATION_COMMENTS = YES;
				CLANG_WARN_EMPTY_BODY = YES;
				CLANG_WARN_ENUM_CONVERSION = YES;
				CLANG_WARN_INFINITE_RECURSION = YES;
				CLANG_WARN_INT_CONVERSION = YES;
				CLANG_WARN_NON_LITERAL_NULL_CONVERSION = YES;
				CLANG_WARN_OBJC_IMPLICIT_RETAIN_SELF = YES;
				CLANG_WARN_OBJC_LITERAL_CONVERSION = YES;
				CLANG_WARN_OBJC_ROOT_CLASS = YES_ERROR;
				CLANG_WARN_QUOTED_INCLUDE_IN_FRAMEWORK_HEADER = YES;
				CLANG_WARN_RANGE_LOOP_ANALYSIS = YES;
				CLANG_WARN_STRICT_PROTOTYPES = YES;
				CLANG_WARN_SUSPICIOUS_MOVE = YES;
				CLANG_WARN_UNGUARDED_AVAILABILITY = YES_AGGRESSIVE;
				CLANG_WARN_UNREACHABLE_CODE = YES;
				CLANG_WARN__DUPLICATE_METHOD_MATCH = YES;
				COPY_PHASE_STRIP = NO;
				DEBUG_INFORMATION_FORMAT = dwarf;
				ENABLE_STRICT_OBJC_MSGSEND = YES;
				ENABLE_TESTABILITY = YES;
				GCC_C_LANGUAGE_STANDARD = gnu11;
				GCC_DYNAMIC_NO_PIC = NO;
				GCC_NO_COMMON_BLOCKS = YES;
				GCC_OPTIMIZATION_LEVEL = 0;
				GCC_PREPROCESSOR_DEFINITIONS = (
					"DEBUG=1",
					"$(inherited)",
				);
				GCC_WARN_64_TO_32_BIT_CONVERSION = YES;
				GCC_WARN_ABOUT_RETURN_TYPE = YES_ERROR;
				GCC_WARN_UNDECLARED_SELECTOR = YES;
				GCC_WARN_UNINITIALIZED_AUTOS = YES_AGGRESSIVE;
				GCC_WARN_UNUSED_FUNCTION = YES;
				GCC_WARN_UNUSED_VARIABLE = YES;
				IPHONEOS_DEPLOYMENT_TARGET = 14.2;
				MTL_ENABLE_DEBUG_INFO = INCLUDE_SOURCE;
				MTL_FAST_MATH = YES;
				ONLY_ACTIVE_ARCH = YES;
				SDKROOT = iphoneos;
				SWIFT_ACTIVE_COMPILATION_CONDITIONS = DEBUG;
				SWIFT_OPTIMIZATION_LEVEL = "-Onone";
			};
			name = Debug;
		};
		191139272563058F0039C5A3 /* Release */ = {
			isa = XCBuildConfiguration;
			buildSettings = {
				ALWAYS_SEARCH_USER_PATHS = NO;
				CLANG_ANALYZER_NONNULL = YES;
				CLANG_ANALYZER_NUMBER_OBJECT_CONVERSION = YES_AGGRESSIVE;
				CLANG_CXX_LANGUAGE_STANDARD = "gnu++14";
				CLANG_CXX_LIBRARY = "libc++";
				CLANG_ENABLE_MODULES = YES;
				CLANG_ENABLE_OBJC_ARC = YES;
				CLANG_ENABLE_OBJC_WEAK = YES;
				CLANG_WARN_BLOCK_CAPTURE_AUTORELEASING = YES;
				CLANG_WARN_BOOL_CONVERSION = YES;
				CLANG_WARN_COMMA = YES;
				CLANG_WARN_CONSTANT_CONVERSION = YES;
				CLANG_WARN_DEPRECATED_OBJC_IMPLEMENTATIONS = YES;
				CLANG_WARN_DIRECT_OBJC_ISA_USAGE = YES_ERROR;
				CLANG_WARN_DOCUMENTATION_COMMENTS = YES;
				CLANG_WARN_EMPTY_BODY = YES;
				CLANG_WARN_ENUM_CONVERSION = YES;
				CLANG_WARN_INFINITE_RECURSION = YES;
				CLANG_WARN_INT_CONVERSION = YES;
				CLANG_WARN_NON_LITERAL_NULL_CONVERSION = YES;
				CLANG_WARN_OBJC_IMPLICIT_RETAIN_SELF = YES;
				CLANG_WARN_OBJC_LITERAL_CONVERSION = YES;
				CLANG_WARN_OBJC_ROOT_CLASS = YES_ERROR;
				CLANG_WARN_QUOTED_INCLUDE_IN_FRAMEWORK_HEADER = YES;
				CLANG_WARN_RANGE_LOOP_ANALYSIS = YES;
				CLANG_WARN_STRICT_PROTOTYPES = YES;
				CLANG_WARN_SUSPICIOUS_MOVE = YES;
				CLANG_WARN_UNGUARDED_AVAILABILITY = YES_AGGRESSIVE;
				CLANG_WARN_UNREACHABLE_CODE = YES;
				CLANG_WARN__DUPLICATE_METHOD_MATCH = YES;
				COPY_PHASE_STRIP = NO;
				DEBUG_INFORMATION_FORMAT = "dwarf-with-dsym";
				ENABLE_NS_ASSERTIONS = NO;
				ENABLE_STRICT_OBJC_MSGSEND = YES;
				GCC_C_LANGUAGE_STANDARD = gnu11;
				GCC_NO_COMMON_BLOCKS = YES;
				GCC_WARN_64_TO_32_BIT_CONVERSION = YES;
				GCC_WARN_ABOUT_RETURN_TYPE = YES_ERROR;
				GCC_WARN_UNDECLARED_SELECTOR = YES;
				GCC_WARN_UNINITIALIZED_AUTOS = YES_AGGRESSIVE;
				GCC_WARN_UNUSED_FUNCTION = YES;
				GCC_WARN_UNUSED_VARIABLE = YES;
				IPHONEOS_DEPLOYMENT_TARGET = 14.2;
				MTL_ENABLE_DEBUG_INFO = NO;
				MTL_FAST_MATH = YES;
				SDKROOT = iphoneos;
				SWIFT_COMPILATION_MODE = wholemodule;
				SWIFT_OPTIMIZATION_LEVEL = "-O";
				VALIDATE_PRODUCT = YES;
			};
			name = Release;
		};
		191139292563058F0039C5A3 /* Debug */ = {
			isa = XCBuildConfiguration;
			baseConfigurationReference = 553350D6B38060EF9B20871A /* Pods-Jeffrey.debug.xcconfig */;
			buildSettings = {
				ASSETCATALOG_COMPILER_APPICON_NAME = AppIcon;
				ASSETCATALOG_COMPILER_GLOBAL_ACCENT_COLOR_NAME = AccentColor;
				CODE_SIGN_STYLE = Automatic;
				DEVELOPMENT_TEAM = 276A4X5JBB;
				INFOPLIST_FILE = Jeffrey/Info.plist;
				LD_RUNPATH_SEARCH_PATHS = (
					"$(inherited)",
					"@executable_path/Frameworks",
				);
				PRODUCT_BUNDLE_IDENTIFIER = br.com.jeffrey.Jeffrey;
				PRODUCT_NAME = "$(TARGET_NAME)";
				SWIFT_VERSION = 5.0;
				TARGETED_DEVICE_FAMILY = "1,2";
			};
			name = Debug;
		};
		1911392A2563058F0039C5A3 /* Release */ = {
			isa = XCBuildConfiguration;
			baseConfigurationReference = 0D4FD7BE4AA5BD964AB13905 /* Pods-Jeffrey.release.xcconfig */;
			buildSettings = {
				ASSETCATALOG_COMPILER_APPICON_NAME = AppIcon;
				ASSETCATALOG_COMPILER_GLOBAL_ACCENT_COLOR_NAME = AccentColor;
				CODE_SIGN_STYLE = Automatic;
				DEVELOPMENT_TEAM = 276A4X5JBB;
				INFOPLIST_FILE = Jeffrey/Info.plist;
				LD_RUNPATH_SEARCH_PATHS = (
					"$(inherited)",
					"@executable_path/Frameworks",
				);
				PRODUCT_BUNDLE_IDENTIFIER = br.com.jeffrey.Jeffrey;
				PRODUCT_NAME = "$(TARGET_NAME)";
				SWIFT_VERSION = 5.0;
				TARGETED_DEVICE_FAMILY = "1,2";
			};
			name = Release;
		};
		1911392C2563058F0039C5A3 /* Debug */ = {
			isa = XCBuildConfiguration;
			baseConfigurationReference = 2FCBC6B8DF1AA4EAF52ADB8D /* Pods-JeffreyTests.debug.xcconfig */;
			buildSettings = {
				ALWAYS_EMBED_SWIFT_STANDARD_LIBRARIES = YES;
				BUNDLE_LOADER = "$(TEST_HOST)";
				CODE_SIGN_STYLE = Automatic;
				DEVELOPMENT_TEAM = 276A4X5JBB;
				INFOPLIST_FILE = JeffreyTests/Info.plist;
				IPHONEOS_DEPLOYMENT_TARGET = 14.2;
				LD_RUNPATH_SEARCH_PATHS = (
					"$(inherited)",
					"@executable_path/Frameworks",
					"@loader_path/Frameworks",
				);
				PRODUCT_BUNDLE_IDENTIFIER = br.com.jeffrey.JeffreyTests;
				PRODUCT_NAME = "$(TARGET_NAME)";
				SWIFT_VERSION = 5.0;
				TARGETED_DEVICE_FAMILY = "1,2";
				TEST_HOST = "$(BUILT_PRODUCTS_DIR)/Jeffrey.app/Jeffrey";
			};
			name = Debug;
		};
		1911392D2563058F0039C5A3 /* Release */ = {
			isa = XCBuildConfiguration;
			baseConfigurationReference = A59AB98E8B3008E44DA013A8 /* Pods-JeffreyTests.release.xcconfig */;
			buildSettings = {
				ALWAYS_EMBED_SWIFT_STANDARD_LIBRARIES = YES;
				BUNDLE_LOADER = "$(TEST_HOST)";
				CODE_SIGN_STYLE = Automatic;
				DEVELOPMENT_TEAM = 276A4X5JBB;
				INFOPLIST_FILE = JeffreyTests/Info.plist;
				IPHONEOS_DEPLOYMENT_TARGET = 14.2;
				LD_RUNPATH_SEARCH_PATHS = (
					"$(inherited)",
					"@executable_path/Frameworks",
					"@loader_path/Frameworks",
				);
				PRODUCT_BUNDLE_IDENTIFIER = br.com.jeffrey.JeffreyTests;
				PRODUCT_NAME = "$(TARGET_NAME)";
				SWIFT_VERSION = 5.0;
				TARGETED_DEVICE_FAMILY = "1,2";
				TEST_HOST = "$(BUILT_PRODUCTS_DIR)/Jeffrey.app/Jeffrey";
			};
			name = Release;
		};
		1911392F2563058F0039C5A3 /* Debug */ = {
			isa = XCBuildConfiguration;
			baseConfigurationReference = 86DAC09C87848E51E65E892F /* Pods-Jeffrey-JeffreyUITests.debug.xcconfig */;
			buildSettings = {
				ALWAYS_EMBED_SWIFT_STANDARD_LIBRARIES = YES;
				CODE_SIGN_STYLE = Automatic;
				DEVELOPMENT_TEAM = 276A4X5JBB;
				INFOPLIST_FILE = JeffreyUITests/Info.plist;
				LD_RUNPATH_SEARCH_PATHS = (
					"$(inherited)",
					"@executable_path/Frameworks",
					"@loader_path/Frameworks",
				);
				PRODUCT_BUNDLE_IDENTIFIER = br.com.jeffrey.JeffreyUITests;
				PRODUCT_NAME = "$(TARGET_NAME)";
				SWIFT_VERSION = 5.0;
				TARGETED_DEVICE_FAMILY = "1,2";
				TEST_TARGET_NAME = Jeffrey;
			};
			name = Debug;
		};
		191139302563058F0039C5A3 /* Release */ = {
			isa = XCBuildConfiguration;
			baseConfigurationReference = 89E59ABA798AEC05F0880046 /* Pods-Jeffrey-JeffreyUITests.release.xcconfig */;
			buildSettings = {
				ALWAYS_EMBED_SWIFT_STANDARD_LIBRARIES = YES;
				CODE_SIGN_STYLE = Automatic;
				DEVELOPMENT_TEAM = 276A4X5JBB;
				INFOPLIST_FILE = JeffreyUITests/Info.plist;
				LD_RUNPATH_SEARCH_PATHS = (
					"$(inherited)",
					"@executable_path/Frameworks",
					"@loader_path/Frameworks",
				);
				PRODUCT_BUNDLE_IDENTIFIER = br.com.jeffrey.JeffreyUITests;
				PRODUCT_NAME = "$(TARGET_NAME)";
				SWIFT_VERSION = 5.0;
				TARGETED_DEVICE_FAMILY = "1,2";
				TEST_TARGET_NAME = Jeffrey;
			};
			name = Release;
		};
/* End XCBuildConfiguration section */

/* Begin XCConfigurationList section */
		191138F92563058B0039C5A3 /* Build configuration list for PBXProject "Jeffrey" */ = {
			isa = XCConfigurationList;
			buildConfigurations = (
				191139262563058F0039C5A3 /* Debug */,
				191139272563058F0039C5A3 /* Release */,
			);
			defaultConfigurationIsVisible = 0;
			defaultConfigurationName = Release;
		};
		191139282563058F0039C5A3 /* Build configuration list for PBXNativeTarget "Jeffrey" */ = {
			isa = XCConfigurationList;
			buildConfigurations = (
				191139292563058F0039C5A3 /* Debug */,
				1911392A2563058F0039C5A3 /* Release */,
			);
			defaultConfigurationIsVisible = 0;
			defaultConfigurationName = Release;
		};
		1911392B2563058F0039C5A3 /* Build configuration list for PBXNativeTarget "JeffreyTests" */ = {
			isa = XCConfigurationList;
			buildConfigurations = (
				1911392C2563058F0039C5A3 /* Debug */,
				1911392D2563058F0039C5A3 /* Release */,
			);
			defaultConfigurationIsVisible = 0;
			defaultConfigurationName = Release;
		};
		1911392E2563058F0039C5A3 /* Build configuration list for PBXNativeTarget "JeffreyUITests" */ = {
			isa = XCConfigurationList;
			buildConfigurations = (
				1911392F2563058F0039C5A3 /* Debug */,
				191139302563058F0039C5A3 /* Release */,
			);
			defaultConfigurationIsVisible = 0;
			defaultConfigurationName = Release;
		};
/* End XCConfigurationList section */
	};
	rootObject = 191138F62563058B0039C5A3 /* Project object */;
}
