PODS:
  - Kingfisher (5.15.7):
    - Kingfisher/Core (= 5.15.7)
  - Kingfisher/Core (5.15.7)

DEPENDENCIES:
  - Kingfisher (~> 5.0)

SPEC REPOS:
  trunk:
    - Kingfisher

SPEC CHECKSUMS:
  Kingfisher: 6e1a13523fcb1c86924ce53affe4ac957e544d59

PODFILE CHECKSUM: 70fe8d7898868137eff19cc57985bbe0d1433f07

COCOAPODS: 1.10.0
