// !$*UTF8*$!
{
	archiveVersion = 1;
	classes = {
	};
	objectVersion = 51;
	objects = {

/* Begin PBXBuildFile section */
		193E7DF3255B247D00FE408D /* ViewController2.swift in Sources */ = {isa = PBXBuildFile; fileRef = 193E7DF2255B247D00FE408D /* ViewController2.swift */; };
		193E7E09255B30A800FE408D /* GoogleService-Info.plist in Resources */ = {isa = PBXBuildFile; fileRef = 193E7E08255B30A800FE408D /* GoogleService-Info.plist */; };
		1970A0AC255ABC4D00D3981B /* AppDelegate.swift in Sources */ = {isa = PBXBuildFile; fileRef = 1970A0AB255ABC4D00D3981B /* AppDelegate.swift */; };
		1970A0AE255ABC4D00D3981B /* SceneDelegate.swift in Sources */ = {isa = PBXBuildFile; fileRef = 1970A0AD255ABC4D00D3981B /* SceneDelegate.swift */; };
		1970A0B0255ABC4D00D3981B /* ViewController.swift in Sources */ = {isa = PBXBuildFile; fileRef = 1970A0AF255ABC4D00D3981B /* ViewController.swift */; };
		1970A0B3255ABC4D00D3981B /* Main.storyboard in Resources */ = {isa = PBXBuildFile; fileRef = 1970A0B1255ABC4D00D3981B /* Main.storyboard */; };
		1970A0B5255ABC5000D3981B /* Assets.xcassets in Resources */ = {isa = PBXBuildFile; fileRef = 1970A0B4255ABC5000D3981B /* Assets.xcassets */; };
		1970A0B8255ABC5000D3981B /* LaunchScreen.storyboard in Resources */ = {isa = PBXBuildFile; fileRef = 1970A0B6255ABC5000D3981B /* LaunchScreen.storyboard */; };
		E2040D6F531BC802504AD3A5 /* Pods_teste_Mizia.framework in Frameworks */ = {isa = PBXBuildFile; fileRef = 7BCE73067075F520086BCDDC /* Pods_teste_Mizia.framework */; };
/* End PBXBuildFile section */

/* Begin PBXFileReference section */
		193E7DF2255B247D00FE408D /* ViewController2.swift */ = {isa = PBXFileReference; lastKnownFileType = sourcecode.swift; path = ViewController2.swift; sourceTree = "<group>"; };
		193E7E08255B30A800FE408D /* GoogleService-Info.plist */ = {isa = PBXFileReference; fileEncoding = 4; lastKnownFileType = text.plist.xml; path = "GoogleService-Info.plist"; sourceTree = "<group>"; };
		1970A0A8255ABC4D00D3981B /* teste-Mizia.app */ = {isa = PBXFileReference; explicitFileType = wrapper.application; includeInIndex = 0; path = "teste-Mizia.app"; sourceTree = BUILT_PRODUCTS_DIR; };
		1970A0AB255ABC4D00D3981B /* AppDelegate.swift */ = {isa = PBXFileReference; lastKnownFileType = sourcecode.swift; path = AppDelegate.swift; sourceTree = "<group>"; };
		1970A0AD255ABC4D00D3981B /* SceneDelegate.swift */ = {isa = PBXFileReference; lastKnownFileType = sourcecode.swift; path = SceneDelegate.swift; sourceTree = "<group>"; };
		1970A0AF255ABC4D00D3981B /* ViewController.swift */ = {isa = PBXFileReference; lastKnownFileType = sourcecode.swift; path = ViewController.swift; sourceTree = "<group>"; };
		1970A0B2255ABC4D00D3981B /* Base */ = {isa = PBXFileReference; lastKnownFileType = file.storyboard; name = Base; path = Base.lproj/Main.storyboard; sourceTree = "<group>"; };
		1970A0B4255ABC5000D3981B /* Assets.xcassets */ = {isa = PBXFileReference; lastKnownFileType = folder.assetcatalog; path = Assets.xcassets; sourceTree = "<group>"; };
		1970A0B7255ABC5000D3981B /* Base */ = {isa = PBXFileReference; lastKnownFileType = file.storyboard; name = Base; path = Base.lproj/LaunchScreen.storyboard; sourceTree = "<group>"; };
		1970A0B9255ABC5000D3981B /* Info.plist */ = {isa = PBXFileReference; lastKnownFileType = text.plist.xml; path = Info.plist; sourceTree = "<group>"; };
		4044AA8D4DDF3F7AB0103B78 /* Pods-teste-Mizia.release.xcconfig */ = {isa = PBXFileReference; includeInIndex = 1; lastKnownFileType = text.xcconfig; name = "Pods-teste-Mizia.release.xcconfig"; path = "Target Support Files/Pods-teste-Mizia/Pods-teste-Mizia.release.xcconfig"; sourceTree = "<group>"; };
		7BCE73067075F520086BCDDC /* Pods_teste_Mizia.framework */ = {isa = PBXFileReference; explicitFileType = wrapper.framework; includeInIndex = 0; path = Pods_teste_Mizia.framework; sourceTree = BUILT_PRODUCTS_DIR; };
		7CE5CCB3E8110B862D3D6517 /* Pods-teste-Mizia.debug.xcconfig */ = {isa = PBXFileReference; includeInIndex = 1; lastKnownFileType = text.xcconfig; name = "Pods-teste-Mizia.debug.xcconfig"; path = "Target Support Files/Pods-teste-Mizia/Pods-teste-Mizia.debug.xcconfig"; sourceTree = "<group>"; };
/* End PBXFileReference section */

/* Begin PBXFrameworksBuildPhase section */
		1970A0A5255ABC4D00D3981B /* Frameworks */ = {
			isa = PBXFrameworksBuildPhase;
			buildActionMask = 2147483647;
			files = (
				E2040D6F531BC802504AD3A5 /* Pods_teste_Mizia.framework in Frameworks */,
			);
			runOnlyForDeploymentPostprocessing = 0;
		};
/* End PBXFrameworksBuildPhase section */

/* Begin PBXGroup section */
		1744FA1EF1EB02D3296A8515 /* Frameworks */ = {
			isa = PBXGroup;
			children = (
				7BCE73067075F520086BCDDC /* Pods_teste_Mizia.framework */,
			);
			name = Frameworks;
			sourceTree = "<group>";
		};
		1970A09F255ABC4D00D3981B = {
			isa = PBXGroup;
			children = (
				1970A0AA255ABC4D00D3981B /* teste-Mizia */,
				1970A0A9255ABC4D00D3981B /* Products */,
				93DF06078554A1284E6696DE /* Pods */,
				1744FA1EF1EB02D3296A8515 /* Frameworks */,
			);
			sourceTree = "<group>";
		};
		1970A0A9255ABC4D00D3981B /* Products */ = {
			isa = PBXGroup;
			children = (
				1970A0A8255ABC4D00D3981B /* teste-Mizia.app */,
			);
			name = Products;
			sourceTree = "<group>";
		};
		1970A0AA255ABC4D00D3981B /* teste-Mizia */ = {
			isa = PBXGroup;
			children = (
				193E7E08255B30A800FE408D /* GoogleService-Info.plist */,
				1970A0AB255ABC4D00D3981B /* AppDelegate.swift */,
				1970A0AD255ABC4D00D3981B /* SceneDelegate.swift */,
				1970A0AF255ABC4D00D3981B /* ViewController.swift */,
				193E7DF2255B247D00FE408D /* ViewController2.swift */,
				1970A0B1255ABC4D00D3981B /* Main.storyboard */,
				1970A0B4255ABC5000D3981B /* Assets.xcassets */,
				1970A0B6255ABC5000D3981B /* LaunchScreen.storyboard */,
				1970A0B9255ABC5000D3981B /* Info.plist */,
			);
			path = "teste-Mizia";
			sourceTree = "<group>";
		};
		93DF06078554A1284E6696DE /* Pods */ = {
			isa = PBXGroup;
			children = (
				7CE5CCB3E8110B862D3D6517 /* Pods-teste-Mizia.debug.xcconfig */,
				4044AA8D4DDF3F7AB0103B78 /* Pods-teste-Mizia.release.xcconfig */,
			);
			path = Pods;
			sourceTree = "<group>";
		};
/* End PBXGroup section */

/* Begin PBXNativeTarget section */
		1970A0A7255ABC4D00D3981B /* teste-Mizia */ = {
			isa = PBXNativeTarget;
			buildConfigurationList = 1970A0BC255ABC5000D3981B /* Build configuration list for PBXNativeTarget "teste-Mizia" */;
			buildPhases = (
				54CF5899C6996522D5CC8ABD /* [CP] Check Pods Manifest.lock */,
				1970A0A4255ABC4D00D3981B /* Sources */,
				1970A0A5255ABC4D00D3981B /* Frameworks */,
				1970A0A6255ABC4D00D3981B /* Resources */,
				0078E2054D54D8FFF1A09B1C /* [CP] Embed Pods Frameworks */,
				19C7728B5AC8C1B4B761D68F /* [CP] Copy Pods Resources */,
			);
			buildRules = (
			);
			dependencies = (
			);
			name = "teste-Mizia";
			productName = "teste-Mizia";
			productReference = 1970A0A8255ABC4D00D3981B /* teste-Mizia.app */;
			productType = "com.apple.product-type.application";
		};
/* End PBXNativeTarget section */

/* Begin PBXProject section */
		1970A0A0255ABC4D00D3981B /* Project object */ = {
			isa = PBXProject;
			attributes = {
				LastSwiftUpdateCheck = 1210;
				LastUpgradeCheck = 1210;
				TargetAttributes = {
					1970A0A7255ABC4D00D3981B = {
						CreatedOnToolsVersion = 12.1;
					};
				};
			};
			buildConfigurationList = 1970A0A3255ABC4D00D3981B /* Build configuration list for PBXProject "teste-Mizia" */;
			compatibilityVersion = "Xcode 9.3";
			developmentRegion = en;
			hasScannedForEncodings = 0;
			knownRegions = (
				en,
				Base,
			);
			mainGroup = 1970A09F255ABC4D00D3981B;
			productRefGroup = 1970A0A9255ABC4D00D3981B /* Products */;
			projectDirPath = "";
			projectRoot = "";
			targets = (
				1970A0A7255ABC4D00D3981B /* teste-Mizia */,
			);
		};
/* End PBXProject section */

/* Begin PBXResourcesBuildPhase section */
		1970A0A6255ABC4D00D3981B /* Resources */ = {
			isa = PBXResourcesBuildPhase;
			buildActionMask = 2147483647;
			files = (
				1970A0B8255ABC5000D3981B /* LaunchScreen.storyboard in Resources */,
				193E7E09255B30A800FE408D /* GoogleService-Info.plist in Resources */,
				1970A0B5255ABC5000D3981B /* Assets.xcassets in Resources */,
				1970A0B3255ABC4D00D3981B /* Main.storyboard in Resources */,
			);
			runOnlyForDeploymentPostprocessing = 0;
		};
/* End PBXResourcesBuildPhase section */

/* Begin PBXShellScriptBuildPhase section */
		0078E2054D54D8FFF1A09B1C /* [CP] Embed Pods Frameworks */ = {
			isa = PBXShellScriptBuildPhase;
			buildActionMask = 2147483647;
			files = (
			);
			inputFileListPaths = (
				"${PODS_ROOT}/Target Support Files/Pods-teste-Mizia/Pods-teste-Mizia-frameworks-${CONFIGURATION}-input-files.xcfilelist",
			);
			name = "[CP] Embed Pods Frameworks";
			outputFileListPaths = (
				"${PODS_ROOT}/Target Support Files/Pods-teste-Mizia/Pods-teste-Mizia-frameworks-${CONFIGURATION}-output-files.xcfilelist",
			);
			runOnlyForDeploymentPostprocessing = 0;
			shellPath = /bin/sh;
			shellScript = "\"${PODS_ROOT}/Target Support Files/Pods-teste-Mizia/Pods-teste-Mizia-frameworks.sh\"\n";
			showEnvVarsInLog = 0;
		};
		19C7728B5AC8C1B4B761D68F /* [CP] Copy Pods Resources */ = {
			isa = PBXShellScriptBuildPhase;
			buildActionMask = 2147483647;
			files = (
			);
			inputFileListPaths = (
				"${PODS_ROOT}/Target Support Files/Pods-teste-Mizia/Pods-teste-Mizia-resources-${CONFIGURATION}-input-files.xcfilelist",
			);
			name = "[CP] Copy Pods Resources";
			outputFileListPaths = (
				"${PODS_ROOT}/Target Support Files/Pods-teste-Mizia/Pods-teste-Mizia-resources-${CONFIGURATION}-output-files.xcfilelist",
			);
			runOnlyForDeploymentPostprocessing = 0;
			shellPath = /bin/sh;
			shellScript = "\"${PODS_ROOT}/Target Support Files/Pods-teste-Mizia/Pods-teste-Mizia-resources.sh\"\n";
			showEnvVarsInLog = 0;
		};
		54CF5899C6996522D5CC8ABD /* [CP] Check Pods Manifest.lock */ = {
			isa = PBXShellScriptBuildPhase;
			buildActionMask = 2147483647;
			files = (
			);
			inputFileListPaths = (
			);
			inputPaths = (
				"${PODS_PODFILE_DIR_PATH}/Podfile.lock",
				"${PODS_ROOT}/Manifest.lock",
			);
			name = "[CP] Check Pods Manifest.lock";
			outputFileListPaths = (
			);
			outputPaths = (
				"$(DERIVED_FILE_DIR)/Pods-teste-Mizia-checkManifestLockResult.txt",
			);
			runOnlyForDeploymentPostprocessing = 0;
			shellPath = /bin/sh;
			shellScript = "diff \"${PODS_PODFILE_DIR_PATH}/Podfile.lock\" \"${PODS_ROOT}/Manifest.lock\" > /dev/null\nif [ $? != 0 ] ; then\n    # print error to STDERR\n    echo \"error: The sandbox is not in sync with the Podfile.lock. Run 'pod install' or update your CocoaPods installation.\" >&2\n    exit 1\nfi\n# This output is used by Xcode 'outputs' to avoid re-running this script phase.\necho \"SUCCESS\" > \"${SCRIPT_OUTPUT_FILE_0}\"\n";
			showEnvVarsInLog = 0;
		};
/* End PBXShellScriptBuildPhase section */

/* Begin PBXSourcesBuildPhase section */
		1970A0A4255ABC4D00D3981B /* Sources */ = {
			isa = PBXSourcesBuildPhase;
			buildActionMask = 2147483647;
			files = (
				1970A0B0255ABC4D00D3981B /* ViewController.swift in Sources */,
				193E7DF3255B247D00FE408D /* ViewController2.swift in Sources */,
				1970A0AC255ABC4D00D3981B /* AppDelegate.swift in Sources */,
				1970A0AE255ABC4D00D3981B /* SceneDelegate.swift in Sources */,
			);
			runOnlyForDeploymentPostprocessing = 0;
		};
/* End PBXSourcesBuildPhase section */

/* Begin PBXVariantGroup section */
		1970A0B1255ABC4D00D3981B /* Main.storyboard */ = {
			isa = PBXVariantGroup;
			children = (
				1970A0B2255ABC4D00D3981B /* Base */,
			);
			name = Main.storyboard;
			sourceTree = "<group>";
		};
		1970A0B6255ABC5000D3981B /* LaunchScreen.storyboard */ = {
			isa = PBXVariantGroup;
			children = (
				1970A0B7255ABC5000D3981B /* Base */,
			);
			name = LaunchScreen.storyboard;
			sourceTree = "<group>";
		};
/* End PBXVariantGroup section */

/* Begin XCBuildConfiguration section */
		1970A0BA255ABC5000D3981B /* Debug */ = {
			isa = XCBuildConfiguration;
			buildSettings = {
				ALWAYS_SEARCH_USER_PATHS = NO;
				CLANG_ANALYZER_NONNULL = YES;
				CLANG_ANALYZER_NUMBER_OBJECT_CONVERSION = YES_AGGRESSIVE;
				CLANG_CXX_LANGUAGE_STANDARD = "gnu++14";
				CLANG_CXX_LIBRARY = "libc++";
				CLANG_ENABLE_MODULES = YES;
				CLANG_ENABLE_OBJC_ARC = YES;
				CLANG_ENABLE_OBJC_WEAK = YES;
				CLANG_WARN_BLOCK_CAPTURE_AUTORELEASING = YES;
				CLANG_WARN_BOOL_CONVERSION = YES;
				CLANG_WARN_COMMA = YES;
				CLANG_WARN_CONSTANT_CONVERSION = YES;
				CLANG_WARN_DEPRECATED_OBJC_IMPLEMENTATIONS = YES;
				CLANG_WARN_DIRECT_OBJC_ISA_USAGE = YES_ERROR;
				CLANG_WARN_DOCUMENTATION_COMMENTS = YES;
				CLANG_WARN_EMPTY_BODY = YES;
				CLANG_WARN_ENUM_CONVERSION = YES;
				CLANG_WARN_INFINITE_RECURSION = YES;
				CLANG_WARN_INT_CONVERSION = YES;
				CLANG_WARN_NON_LITERAL_NULL_CONVERSION = YES;
				CLANG_WARN_OBJC_IMPLICIT_RETAIN_SELF = YES;
				CLANG_WARN_OBJC_LITERAL_CONVERSION = YES;
				CLANG_WARN_OBJC_ROOT_CLASS = YES_ERROR;
				CLANG_WARN_QUOTED_INCLUDE_IN_FRAMEWORK_HEADER = YES;
				CLANG_WARN_RANGE_LOOP_ANALYSIS = YES;
				CLANG_WARN_STRICT_PROTOTYPES = YES;
				CLANG_WARN_SUSPICIOUS_MOVE = YES;
				CLANG_WARN_UNGUARDED_AVAILABILITY = YES_AGGRESSIVE;
				CLANG_WARN_UNREACHABLE_CODE = YES;
				CLANG_WARN__DUPLICATE_METHOD_MATCH = YES;
				COPY_PHASE_STRIP = NO;
				DEBUG_INFORMATION_FORMAT = dwarf;
				ENABLE_STRICT_OBJC_MSGSEND = YES;
				ENABLE_TESTABILITY = YES;
				GCC_C_LANGUAGE_STANDARD = gnu11;
				GCC_DYNAMIC_NO_PIC = NO;
				GCC_NO_COMMON_BLOCKS = YES;
				GCC_OPTIMIZATION_LEVEL = 0;
				GCC_PREPROCESSOR_DEFINITIONS = (
					"DEBUG=1",
					"$(inherited)",
				);
				GCC_WARN_64_TO_32_BIT_CONVERSION = YES;
				GCC_WARN_ABOUT_RETURN_TYPE = YES_ERROR;
				GCC_WARN_UNDECLARED_SELECTOR = YES;
				GCC_WARN_UNINITIALIZED_AUTOS = YES_AGGRESSIVE;
				GCC_WARN_UNUSED_FUNCTION = YES;
				GCC_WARN_UNUSED_VARIABLE = YES;
				IPHONEOS_DEPLOYMENT_TARGET = 14.1;
				MTL_ENABLE_DEBUG_INFO = INCLUDE_SOURCE;
				MTL_FAST_MATH = YES;
				ONLY_ACTIVE_ARCH = YES;
				SDKROOT = iphoneos;
				SWIFT_ACTIVE_COMPILATION_CONDITIONS = DEBUG;
				SWIFT_OPTIMIZATION_LEVEL = "-Onone";
			};
			name = Debug;
		};
		1970A0BB255ABC5000D3981B /* Release */ = {
			isa = XCBuildConfiguration;
			buildSettings = {
				ALWAYS_SEARCH_USER_PATHS = NO;
				CLANG_ANALYZER_NONNULL = YES;
				CLANG_ANALYZER_NUMBER_OBJECT_CONVERSION = YES_AGGRESSIVE;
				CLANG_CXX_LANGUAGE_STANDARD = "gnu++14";
				CLANG_CXX_LIBRARY = "libc++";
				CLANG_ENABLE_MODULES = YES;
				CLANG_ENABLE_OBJC_ARC = YES;
				CLANG_ENABLE_OBJC_WEAK = YES;
				CLANG_WARN_BLOCK_CAPTURE_AUTORELEASING = YES;
				CLANG_WARN_BOOL_CONVERSION = YES;
				CLANG_WARN_COMMA = YES;
				CLANG_WARN_CONSTANT_CONVERSION = YES;
				CLANG_WARN_DEPRECATED_OBJC_IMPLEMENTATIONS = YES;
				CLANG_WARN_DIRECT_OBJC_ISA_USAGE = YES_ERROR;
				CLANG_WARN_DOCUMENTATION_COMMENTS = YES;
				CLANG_WARN_EMPTY_BODY = YES;
				CLANG_WARN_ENUM_CONVERSION = YES;
				CLANG_WARN_INFINITE_RECURSION = YES;
				CLANG_WARN_INT_CONVERSION = YES;
				CLANG_WARN_NON_LITERAL_NULL_CONVERSION = YES;
				CLANG_WARN_OBJC_IMPLICIT_RETAIN_SELF = YES;
				CLANG_WARN_OBJC_LITERAL_CONVERSION = YES;
				CLANG_WARN_OBJC_ROOT_CLASS = YES_ERROR;
				CLANG_WARN_QUOTED_INCLUDE_IN_FRAMEWORK_HEADER = YES;
				CLANG_WARN_RANGE_LOOP_ANALYSIS = YES;
				CLANG_WARN_STRICT_PROTOTYPES = YES;
				CLANG_WARN_SUSPICIOUS_MOVE = YES;
				CLANG_WARN_UNGUARDED_AVAILABILITY = YES_AGGRESSIVE;
				CLANG_WARN_UNREACHABLE_CODE = YES;
				CLANG_WARN__DUPLICATE_METHOD_MATCH = YES;
				COPY_PHASE_STRIP = NO;
				DEBUG_INFORMATION_FORMAT = "dwarf-with-dsym";
				ENABLE_NS_ASSERTIONS = NO;
				ENABLE_STRICT_OBJC_MSGSEND = YES;
				GCC_C_LANGUAGE_STANDARD = gnu11;
				GCC_NO_COMMON_BLOCKS = YES;
				GCC_WARN_64_TO_32_BIT_CONVERSION = YES;
				GCC_WARN_ABOUT_RETURN_TYPE = YES_ERROR;
				GCC_WARN_UNDECLARED_SELECTOR = YES;
				GCC_WARN_UNINITIALIZED_AUTOS = YES_AGGRESSIVE;
				GCC_WARN_UNUSED_FUNCTION = YES;
				GCC_WARN_UNUSED_VARIABLE = YES;
				IPHONEOS_DEPLOYMENT_TARGET = 14.1;
				MTL_ENABLE_DEBUG_INFO = NO;
				MTL_FAST_MATH = YES;
				SDKROOT = iphoneos;
				SWIFT_COMPILATION_MODE = wholemodule;
				SWIFT_OPTIMIZATION_LEVEL = "-O";
				VALIDATE_PRODUCT = YES;
			};
			name = Release;
		};
		1970A0BD255ABC5000D3981B /* Debug */ = {
			isa = XCBuildConfiguration;
			baseConfigurationReference = 7CE5CCB3E8110B862D3D6517 /* Pods-teste-Mizia.debug.xcconfig */;
			buildSettings = {
				ASSETCATALOG_COMPILER_APPICON_NAME = AppIcon;
				ASSETCATALOG_COMPILER_GLOBAL_ACCENT_COLOR_NAME = AccentColor;
				CODE_SIGN_STYLE = Automatic;
				DEVELOPMENT_TEAM = 276A4X5JBB;
				INFOPLIST_FILE = "teste-Mizia/Info.plist";
				LD_RUNPATH_SEARCH_PATHS = (
					"$(inherited)",
					"@executable_path/Frameworks",
				);
				PRODUCT_BUNDLE_IDENTIFIER = "br.com.mizialmeida.teste-Mizia";
				PRODUCT_NAME = "$(TARGET_NAME)";
				SWIFT_VERSION = 5.0;
				TARGETED_DEVICE_FAMILY = "1,2";
			};
			name = Debug;
		};
		1970A0BE255ABC5000D3981B /* Release */ = {
			isa = XCBuildConfiguration;
			baseConfigurationReference = 4044AA8D4DDF3F7AB0103B78 /* Pods-teste-Mizia.release.xcconfig */;
			buildSettings = {
				ASSETCATALOG_COMPILER_APPICON_NAME = AppIcon;
				ASSETCATALOG_COMPILER_GLOBAL_ACCENT_COLOR_NAME = AccentColor;
				CODE_SIGN_STYLE = Automatic;
				DEVELOPMENT_TEAM = 276A4X5JBB;
				INFOPLIST_FILE = "teste-Mizia/Info.plist";
				LD_RUNPATH_SEARCH_PATHS = (
					"$(inherited)",
					"@executable_path/Frameworks",
				);
				PRODUCT_BUNDLE_IDENTIFIER = "br.com.mizialmeida.teste-Mizia";
				PRODUCT_NAME = "$(TARGET_NAME)";
				SWIFT_VERSION = 5.0;
				TARGETED_DEVICE_FAMILY = "1,2";
			};
			name = Release;
		};
/* End XCBuildConfiguration section */

/* Begin XCConfigurationList section */
		1970A0A3255ABC4D00D3981B /* Build configuration list for PBXProject "teste-Mizia" */ = {
			isa = XCConfigurationList;
			buildConfigurations = (
				1970A0BA255ABC5000D3981B /* Debug */,
				1970A0BB255ABC5000D3981B /* Release */,
			);
			defaultConfigurationIsVisible = 0;
			defaultConfigurationName = Release;
		};
		1970A0BC255ABC5000D3981B /* Build configuration list for PBXNativeTarget "teste-Mizia" */ = {
			isa = XCConfigurationList;
			buildConfigurations = (
				1970A0BD255ABC5000D3981B /* Debug */,
				1970A0BE255ABC5000D3981B /* Release */,
			);
			defaultConfigurationIsVisible = 0;
			defaultConfigurationName = Release;
		};
/* End XCConfigurationList section */
	};
	rootObject = 1970A0A0255ABC4D00D3981B /* Project object */;
}
